
Microsoft Visual Studio Solution File, Format Version 12.00
# Visual Studio Version 17
VisualStudioVersion = 17.4.33213.308
MinimumVisualStudioVersion = 10.0.40219.1
Project("{FAE04EC0-301F-11D3-BF4B-00C04F79EFBC}") = "Лабораторна №22", "Лабораторна №22\Лабораторна №22.csproj", "{9D625D5E-9894-496A-B925-59037DCCB5D8}"
EndProject
Global
	GlobalSection(SolutionConfigurationPlatforms) = preSolution
		Debug|Any CPU = Debug|Any CPU
		Release|Any CPU = Release|Any CPU
	EndGlobalSection
	GlobalSection(ProjectConfigurationPlatforms) = postSolution
		{9D625D5E-9894-496A-B925-59037DCCB5D8}.Debug|Any CPU.ActiveCfg = Debug|Any CPU
		{9D625D5E-9894-496A-B925-59037DCCB5D8}.Debug|Any CPU.Build.0 = Debug|Any CPU
		{9D625D5E-9894-496A-B925-59037DCCB5D8}.Release|Any CPU.ActiveCfg = Release|Any CPU
		{9D625D5E-9894-496A-B925-59037DCCB5D8}.Release|Any CPU.Build.0 = Release|Any CPU
	EndGlobalSection
	GlobalSection(SolutionProperties) = preSolution
		HideSolutionNode = FALSE
	EndGlobalSection
	GlobalSection(ExtensibilityGlobals) = postSolution
		SolutionGuid = {B76920D7-864D-4454-BEF9-FB45B2CB8285}
	EndGlobalSection
EndGlobal
